PODS:
  - AFNetworking (2.4.1):
    - AFNetworking/NSURLConnection (= 2.4.1)
    - AFNetworking/NSURLSession (= 2.4.1)
    - AFNetworking/Reachability (= 2.4.1)
    - AFNetworking/Security (= 2.4.1)
    - AFNetworking/Serialization (= 2.4.1)
    - AFNetworking/UIKit (= 2.4.1)
  - AFNetworking/NSURLConnection (2.4.1):
    - AFNetworking/Reachability
    - AFNetworking/Security
    - AFNetworking/Serialization
  - AFNetworking/NSURLSession (2.4.1):
    - AFNetworking/Reachability
    - AFNetworking/Security
    - AFNetworking/Serialization
  - AFNetworking/Reachability (2.4.1)
  - AFNetworking/Security (2.4.1)
  - AFNetworking/Serialization (2.4.1)
  - AFNetworking/UIKit (2.4.1):
    - AFNetworking/NSURLConnection
    - AFNetworking/NSURLSession
  - boost/graph-includes (1.51.0)
  - boost/math-includes (1.51.0)
  - boost/pointer_cast-includes (1.51.0)
  - boost/shared_ptr-includes (1.51.0)
  - boost/string_algorithms-includes (1.51.0)
  - clipper (6.1.3a)
  - eigen (3.2.10)
  - FMDB (2.6.2):
    - FMDB/standard (= 2.6.2)
  - FMDB/standard (2.6.2)
  - libjson (7.6.1)
  - proj4 (4.8.0)
  - SMCalloutView (2.1.5)
  - tinyxml (2.1.0)
  - WhirlyGlobe (2.4):
    - WhirlyGlobe/MaplyComponent (= 2.4)
  - WhirlyGlobe/aaplus (2.4)
  - WhirlyGlobe/glues-wg (2.4)
  - WhirlyGlobe/kissxml (2.4)
  - WhirlyGlobe/Lib (2.4):
    - clipper (~> 6.1.3a)
    - libjson (~> 7.6.0)
    - proj4 (~> 4.8.0)
    - tinyxml (~> 2.1.0)
    - WhirlyGlobe/glues-wg
    - WhirlyGlobe/Lib-Headers
    - WhirlyGlobe/octencoding
    - WhirlyGlobe/shapefile
  - WhirlyGlobe/Lib-Headers (2.4):
    - boost/graph-includes (<= 1.51.0)
    - boost/math-includes (<= 1.51.0)
    - boost/pointer_cast-includes (<= 1.51.0)
    - boost/shared_ptr-includes (<= 1.51.0)
    - boost/string_algorithms-includes (<= 1.51.0)
    - eigen (~> 3.2.4)
  - WhirlyGlobe/MaplyComponent (2.4):
    - AFNetworking (~> 2.4.0)
    - FMDB
    - SMCalloutView
    - WhirlyGlobe/aaplus
    - WhirlyGlobe/kissxml
    - WhirlyGlobe/Lib
    - WhirlyGlobe/MaplyComponent-Headers
  - WhirlyGlobe/MaplyComponent-Headers (2.4):
    - WhirlyGlobe/Lib-Headers
  - WhirlyGlobe/octencoding (2.4)
  - WhirlyGlobe/shapefile (2.4)
  - WhirlyGlobeResources (2.3)

DEPENDENCIES:
  - WhirlyGlobe (= 2.4)
  - WhirlyGlobeResources

SPEC CHECKSUMS:
  AFNetworking: 41d45d2c14219af0fa5addf3cfd433a002c13c9f
  boost: 6c5c8d8daef26ac83c1e1c00ad14de62b80161d7
  clipper: b009ea56c501e756299e6999e2c73eef6e1ed218
  eigen: e2d5ffb7be5a884d4608ebe35a97b6f65e13ed8b
  FMDB: 854a0341b4726e53276f2a8996f06f1b80f9259a
  libjson: 1a065ca64704a5d1b51c3754268998942d57ac6f
  proj4: 234525105d05a33b2ae9a90a6fe3935f7a246f7e
  SMCalloutView: 5c0ee363dc8e7204b2fda17dfad38c93e9e23481
  tinyxml: 41d718babd106ac5d39d4e98b43c835d3b9080d8
  WhirlyGlobe: 2849f458220be42d92d814ba04377586cadbf7f1
  WhirlyGlobeResources: d7b3e929e828f958a8477ff6797f962fdb165472

PODFILE CHECKSUM: c8690222d66ebcc0cf578781446d3a9391cd81fb

COCOAPODS: 1.2.0
