PODS:
  - clipper (6.1.3a)
  - eigen (3.2.10)
  - FMDB (2.6.2):
    - FMDB/standard (= 2.6.2)
  - FMDB/standard (2.6.2)
  - libjson (7.6.1)
  - proj4 (4.8.0)
  - SMCalloutView (2.1.5)
  - tinyxml (2.1.0)
  - WhirlyGlobe (2.5):
    - WhirlyGlobe/MaplyComponent (= 2.5)
  - WhirlyGlobe/aaplus (2.5)
  - WhirlyGlobe/glues-wg (2.5)
  - WhirlyGlobe/kissxml (2.5)
  - WhirlyGlobe/Lib (2.5):
    - clipper (~> 6.1.3a)
    - libjson (~> 7.6.0)
    - proj4 (~> 4.8.0)
    - tinyxml (~> 2.1.0)
    - WhirlyGlobe/glues-wg
    - WhirlyGlobe/Lib-Headers
    - WhirlyGlobe/octencoding
    - WhirlyGlobe/shapefile
  - WhirlyGlobe/Lib-Headers (2.5):
    - eigen (~> 3.2.4)
  - WhirlyGlobe/MaplyComponent (2.5):
    - FMDB
    - SMCalloutView
    - WhirlyGlobe/aaplus
    - WhirlyGlobe/kissxml
    - WhirlyGlobe/Lib
    - WhirlyGlobe/MaplyComponent-Headers
  - WhirlyGlobe/MaplyComponent-Headers (2.5):
    - WhirlyGlobe/Lib-Headers
  - WhirlyGlobe/octencoding (2.5)
  - WhirlyGlobe/shapefile (2.5)

DEPENDENCIES:
  - WhirlyGlobe (from `https://github.com/mousebird/WhirlyGlobe.git`, tag `v2.5`)

EXTERNAL SOURCES:
  WhirlyGlobe:
    :git: https://github.com/mousebird/WhirlyGlobe.git
    :tag: v2.5

CHECKOUT OPTIONS:
  WhirlyGlobe:
    :git: https://github.com/mousebird/WhirlyGlobe.git
    :tag: v2.5

SPEC CHECKSUMS:
  clipper: b009ea56c501e756299e6999e2c73eef6e1ed218
  eigen: e2d5ffb7be5a884d4608ebe35a97b6f65e13ed8b
  FMDB: 854a0341b4726e53276f2a8996f06f1b80f9259a
  libjson: 1a065ca64704a5d1b51c3754268998942d57ac6f
  proj4: 234525105d05a33b2ae9a90a6fe3935f7a246f7e
  SMCalloutView: 5c0ee363dc8e7204b2fda17dfad38c93e9e23481
  tinyxml: 41d718babd106ac5d39d4e98b43c835d3b9080d8
  WhirlyGlobe: cabe48a4a99eae66afc7564c0c2a78b216f15c2f

PODFILE CHECKSUM: 20a6f537b72e35232c5a98660273138ade2df2e2

COCOAPODS: 1.2.0
