// !$*UTF8*$!
{
	archiveVersion = 1;
	classes = {
	};
	objectVersion = 46;
	objects = {

/* Begin PBXBuildFile section */
		2A67AC6C587FC063DD901586 /* Pods_ZeitSatTrack.framework in Frameworks */ = {isa = PBXBuildFile; fileRef = 7D8637E2C841CDF79B0C52D8 /* Pods_ZeitSatTrack.framework */; };
		357CBB13270AA0939A5C9D2A /* Pods_ZeitSatTrackDemo.framework in Frameworks */ = {isa = PBXBuildFile; fileRef = 42C494F278B0EBBCC3C0E278 /* Pods_ZeitSatTrackDemo.framework */; };
		565F0A2C010F161E78B26ED8 /* Pods_ZeitSatTrackUITests.framework in Frameworks */ = {isa = PBXBuildFile; fileRef = DE504BC68D0EE1B3E7D9A71A /* Pods_ZeitSatTrackUITests.framework */; };
		8B9C2A1C1EC6D32100C7795A /* ZeitSatTrackUITests.swift in Sources */ = {isa = PBXBuildFile; fileRef = 8B9C2A1B1EC6D32100C7795A /* ZeitSatTrackUITests.swift */; };
		8BA659A21ED400D200EBFDD1 /* ZeitSatTrack.framework in Frameworks */ = {isa = PBXBuildFile; fileRef = 8BA659991ED400D100EBFDD1 /* ZeitSatTrack.framework */; };
		8BA659A91ED400D200EBFDD1 /* ZeitSatTrackTests.swift in Sources */ = {isa = PBXBuildFile; fileRef = 8BA659A81ED400D200EBFDD1 /* ZeitSatTrackTests.swift */; };
		8BA659AB1ED400D200EBFDD1 /* ZeitSatTrackLib.h in Headers */ = {isa = PBXBuildFile; fileRef = 8BA6599B1ED400D100EBFDD1 /* ZeitSatTrackLib.h */; settings = {ATTRIBUTES = (Public, ); }; };
		8BA659AE1ED400D200EBFDD1 /* ZeitSatTrack.framework in Frameworks */ = {isa = PBXBuildFile; fileRef = 8BA659991ED400D100EBFDD1 /* ZeitSatTrack.framework */; };
		8BA659AF1ED400D200EBFDD1 /* ZeitSatTrack.framework in Embed Frameworks */ = {isa = PBXBuildFile; fileRef = 8BA659991ED400D100EBFDD1 /* ZeitSatTrack.framework */; settings = {ATTRIBUTES = (CodeSignOnCopy, RemoveHeadersOnCopy, ); }; };
		8BA659B71ED400E800EBFDD1 /* JulianMath.swift in Sources */ = {isa = PBXBuildFile; fileRef = 8B9C2A271EC6D3A100C7795A /* JulianMath.swift */; };
		8BA659B81ED400E800EBFDD1 /* EarthStation.swift in Sources */ = {isa = PBXBuildFile; fileRef = 8B9C2A2D1EC96EA800C7795A /* EarthStation.swift */; };
		8BA659B91ED400E800EBFDD1 /* TwoLineElementSet.swift in Sources */ = {isa = PBXBuildFile; fileRef = 8B9C2A291EC6E0F700C7795A /* TwoLineElementSet.swift */; };
		8BA659BA1ED400E800EBFDD1 /* Satellite.swift in Sources */ = {isa = PBXBuildFile; fileRef = 8B9C2A2B1EC944D600C7795A /* Satellite.swift */; };
		8BA659BB1ED400E800EBFDD1 /* ZeitSatTrackManager.swift in Sources */ = {isa = PBXBuildFile; fileRef = 8BA659921ED3E31A00EBFDD1 /* ZeitSatTrackManager.swift */; };
		8BA659BF1ED4B6E100EBFDD1 /* satellite-tle-sources.json in Resources */ = {isa = PBXBuildFile; fileRef = 8BA659BE1ED4B6E100EBFDD1 /* satellite-tle-sources.json */; };
		8BA659C21ED4DB3B00EBFDD1 /* Foundation.framework in Frameworks */ = {isa = PBXBuildFile; fileRef = 8BA659C11ED4DB3B00EBFDD1 /* Foundation.framework */; };
		8BA659C41ED4DB4500EBFDD1 /* CoreLocation.framework in Frameworks */ = {isa = PBXBuildFile; fileRef = 8BA659C31ED4DB4500EBFDD1 /* CoreLocation.framework */; };
		8BCB54471ED69A420035C9CD /* AppDelegate.swift in Sources */ = {isa = PBXBuildFile; fileRef = 8BCB543F1ED69A420035C9CD /* AppDelegate.swift */; };
		8BCB54481ED69A420035C9CD /* Assets.xcassets in Resources */ = {isa = PBXBuildFile; fileRef = 8BCB54401ED69A420035C9CD /* Assets.xcassets */; };
		8BCB54491ED69A420035C9CD /* LaunchScreen.storyboard in Resources */ = {isa = PBXBuildFile; fileRef = 8BCB54411ED69A420035C9CD /* LaunchScreen.storyboard */; };
		8BCB544A1ED69A420035C9CD /* Main.storyboard in Resources */ = {isa = PBXBuildFile; fileRef = 8BCB54431ED69A420035C9CD /* Main.storyboard */; };
		8BCB544B1ED69A420035C9CD /* Info.plist in Resources */ = {isa = PBXBuildFile; fileRef = 8BCB54451ED69A420035C9CD /* Info.plist */; };
		8BCB544C1ED69A420035C9CD /* ViewController.swift in Sources */ = {isa = PBXBuildFile; fileRef = 8BCB54461ED69A420035C9CD /* ViewController.swift */; };
		C7939D6FF480E1672A8B008A /* Pods_ZeitSatTrackTests.framework in Frameworks */ = {isa = PBXBuildFile; fileRef = 00C11213FB611FEDC7E82065 /* Pods_ZeitSatTrackTests.framework */; };
/* End PBXBuildFile section */

/* Begin PBXContainerItemProxy section */
		8B9C2A181EC6D32100C7795A /* PBXContainerItemProxy */ = {
			isa = PBXContainerItemProxy;
			containerPortal = 8B9C29FB1EC6D32100C7795A /* Project object */;
			proxyType = 1;
			remoteGlobalIDString = 8B9C2A021EC6D32100C7795A;
			remoteInfo = ZeitSatTrack;
		};
		8BA659A31ED400D200EBFDD1 /* PBXContainerItemProxy */ = {
			isa = PBXContainerItemProxy;
			containerPortal = 8B9C29FB1EC6D32100C7795A /* Project object */;
			proxyType = 1;
			remoteGlobalIDString = 8BA659981ED400D100EBFDD1;
			remoteInfo = ZeitSatTrackLib;
		};
		8BA659A51ED400D200EBFDD1 /* PBXContainerItemProxy */ = {
			isa = PBXContainerItemProxy;
			containerPortal = 8B9C29FB1EC6D32100C7795A /* Project object */;
			proxyType = 1;
			remoteGlobalIDString = 8B9C2A021EC6D32100C7795A;
			remoteInfo = ZeitSatTrack;
		};
		8BA659AC1ED400D200EBFDD1 /* PBXContainerItemProxy */ = {
			isa = PBXContainerItemProxy;
			containerPortal = 8B9C29FB1EC6D32100C7795A /* Project object */;
			proxyType = 1;
			remoteGlobalIDString = 8BA659981ED400D100EBFDD1;
			remoteInfo = ZeitSatTrackLib;
		};
/* End PBXContainerItemProxy section */

/* Begin PBXCopyFilesBuildPhase section */
		8BA659B31ED400D200EBFDD1 /* Embed Frameworks */ = {
			isa = PBXCopyFilesBuildPhase;
			buildActionMask = 2147483647;
			dstPath = "";
			dstSubfolderSpec = 10;
			files = (
				8BA659AF1ED400D200EBFDD1 /* ZeitSatTrack.framework in Embed Frameworks */,
			);
			name = "Embed Frameworks";
			runOnlyForDeploymentPostprocessing = 0;
		};
/* End PBXCopyFilesBuildPhase section */

/* Begin PBXFileReference section */
		00C11213FB611FEDC7E82065 /* Pods_ZeitSatTrackTests.framework */ = {isa = PBXFileReference; explicitFileType = wrapper.framework; includeInIndex = 0; path = Pods_ZeitSatTrackTests.framework; sourceTree = BUILT_PRODUCTS_DIR; };
		0280BB35810C4CF2D7875897 /* Pods-ZeitSatTrackUITests.debug.xcconfig */ = {isa = PBXFileReference; includeInIndex = 1; lastKnownFileType = text.xcconfig; name = "Pods-ZeitSatTrackUITests.debug.xcconfig"; path = "Pods/Target Support Files/Pods-ZeitSatTrackUITests/Pods-ZeitSatTrackUITests.debug.xcconfig"; sourceTree = "<group>"; };
		1BB22B20A730EE3BF5FF0688 /* Pods-ZeitSatTrackTests.debug.xcconfig */ = {isa = PBXFileReference; includeInIndex = 1; lastKnownFileType = text.xcconfig; name = "Pods-ZeitSatTrackTests.debug.xcconfig"; path = "Pods/Target Support Files/Pods-ZeitSatTrackTests/Pods-ZeitSatTrackTests.debug.xcconfig"; sourceTree = "<group>"; };
		42C494F278B0EBBCC3C0E278 /* Pods_ZeitSatTrackDemo.framework */ = {isa = PBXFileReference; explicitFileType = wrapper.framework; includeInIndex = 0; path = Pods_ZeitSatTrackDemo.framework; sourceTree = BUILT_PRODUCTS_DIR; };
		5919CC936ACF2CA6953B1B66 /* Pods-ZeitSatTrack.release.xcconfig */ = {isa = PBXFileReference; includeInIndex = 1; lastKnownFileType = text.xcconfig; name = "Pods-ZeitSatTrack.release.xcconfig"; path = "Pods/Target Support Files/Pods-ZeitSatTrack/Pods-ZeitSatTrack.release.xcconfig"; sourceTree = "<group>"; };
		7D8637E2C841CDF79B0C52D8 /* Pods_ZeitSatTrack.framework */ = {isa = PBXFileReference; explicitFileType = wrapper.framework; includeInIndex = 0; path = Pods_ZeitSatTrack.framework; sourceTree = BUILT_PRODUCTS_DIR; };
		83B3313554282C0100F310FA /* Pods-ZeitSatTrackTests.release.xcconfig */ = {isa = PBXFileReference; includeInIndex = 1; lastKnownFileType = text.xcconfig; name = "Pods-ZeitSatTrackTests.release.xcconfig"; path = "Pods/Target Support Files/Pods-ZeitSatTrackTests/Pods-ZeitSatTrackTests.release.xcconfig"; sourceTree = "<group>"; };
		8B7AD6F51EDA045A008A4A28 /* ZeitSatTrackDemo-bridging-header.h */ = {isa = PBXFileReference; fileEncoding = 4; lastKnownFileType = sourcecode.c.h; path = "ZeitSatTrackDemo-bridging-header.h"; sourceTree = "<group>"; };
		8B9C2A031EC6D32100C7795A /* ZeitSatTrackDemo.app */ = {isa = PBXFileReference; explicitFileType = wrapper.application; includeInIndex = 0; path = ZeitSatTrackDemo.app; sourceTree = BUILT_PRODUCTS_DIR; };
		8B9C2A171EC6D32100C7795A /* ZeitSatTrackUITests.xctest */ = {isa = PBXFileReference; explicitFileType = wrapper.cfbundle; includeInIndex = 0; path = ZeitSatTrackUITests.xctest; sourceTree = BUILT_PRODUCTS_DIR; };
		8B9C2A1B1EC6D32100C7795A /* ZeitSatTrackUITests.swift */ = {isa = PBXFileReference; lastKnownFileType = sourcecode.swift; path = ZeitSatTrackUITests.swift; sourceTree = "<group>"; };
		8B9C2A1D1EC6D32100C7795A /* Info.plist */ = {isa = PBXFileReference; lastKnownFileType = text.plist.xml; path = Info.plist; sourceTree = "<group>"; };
		8B9C2A271EC6D3A100C7795A /* JulianMath.swift */ = {isa = PBXFileReference; fileEncoding = 4; lastKnownFileType = sourcecode.swift; path = JulianMath.swift; sourceTree = "<group>"; };
		8B9C2A291EC6E0F700C7795A /* TwoLineElementSet.swift */ = {isa = PBXFileReference; fileEncoding = 4; lastKnownFileType = sourcecode.swift; path = TwoLineElementSet.swift; sourceTree = "<group>"; };
		8B9C2A2B1EC944D600C7795A /* Satellite.swift */ = {isa = PBXFileReference; fileEncoding = 4; lastKnownFileType = sourcecode.swift; path = Satellite.swift; sourceTree = "<group>"; };
		8B9C2A2D1EC96EA800C7795A /* EarthStation.swift */ = {isa = PBXFileReference; fileEncoding = 4; lastKnownFileType = sourcecode.swift; path = EarthStation.swift; sourceTree = "<group>"; };
		8BA659921ED3E31A00EBFDD1 /* ZeitSatTrackManager.swift */ = {isa = PBXFileReference; fileEncoding = 4; lastKnownFileType = sourcecode.swift; path = ZeitSatTrackManager.swift; sourceTree = "<group>"; };
		8BA659991ED400D100EBFDD1 /* ZeitSatTrack.framework */ = {isa = PBXFileReference; explicitFileType = wrapper.framework; includeInIndex = 0; path = ZeitSatTrack.framework; sourceTree = BUILT_PRODUCTS_DIR; };
		8BA6599B1ED400D100EBFDD1 /* ZeitSatTrackLib.h */ = {isa = PBXFileReference; lastKnownFileType = sourcecode.c.h; path = ZeitSatTrackLib.h; sourceTree = "<group>"; };
		8BA6599C1ED400D100EBFDD1 /* Info.plist */ = {isa = PBXFileReference; lastKnownFileType = text.plist.xml; path = Info.plist; sourceTree = "<group>"; };
		8BA659A11ED400D100EBFDD1 /* ZeitSatTrackTests.xctest */ = {isa = PBXFileReference; explicitFileType = wrapper.cfbundle; includeInIndex = 0; path = ZeitSatTrackTests.xctest; sourceTree = BUILT_PRODUCTS_DIR; };
		8BA659A81ED400D200EBFDD1 /* ZeitSatTrackTests.swift */ = {isa = PBXFileReference; lastKnownFileType = sourcecode.swift; path = ZeitSatTrackTests.swift; sourceTree = "<group>"; };
		8BA659AA1ED400D200EBFDD1 /* Info.plist */ = {isa = PBXFileReference; lastKnownFileType = text.plist.xml; path = Info.plist; sourceTree = "<group>"; };
		8BA659BE1ED4B6E100EBFDD1 /* satellite-tle-sources.json */ = {isa = PBXFileReference; lastKnownFileType = text.json; name = "satellite-tle-sources.json"; path = "DataSources/satellite-tle-sources.json"; sourceTree = "<group>"; };
		8BA659C11ED4DB3B00EBFDD1 /* Foundation.framework */ = {isa = PBXFileReference; lastKnownFileType = wrapper.framework; name = Foundation.framework; path = System/Library/Frameworks/Foundation.framework; sourceTree = SDKROOT; };
		8BA659C31ED4DB4500EBFDD1 /* CoreLocation.framework */ = {isa = PBXFileReference; lastKnownFileType = wrapper.framework; name = CoreLocation.framework; path = System/Library/Frameworks/CoreLocation.framework; sourceTree = SDKROOT; };
		8BCB543F1ED69A420035C9CD /* AppDelegate.swift */ = {isa = PBXFileReference; fileEncoding = 4; lastKnownFileType = sourcecode.swift; path = AppDelegate.swift; sourceTree = "<group>"; };
		8BCB54401ED69A420035C9CD /* Assets.xcassets */ = {isa = PBXFileReference; lastKnownFileType = folder.assetcatalog; path = Assets.xcassets; sourceTree = "<group>"; };
		8BCB54421ED69A420035C9CD /* Base */ = {isa = PBXFileReference; lastKnownFileType = file.storyboard; name = Base; path = Base.lproj/LaunchScreen.storyboard; sourceTree = "<group>"; };
		8BCB54441ED69A420035C9CD /* Base */ = {isa = PBXFileReference; lastKnownFileType = file.storyboard; name = Base; path = Base.lproj/Main.storyboard; sourceTree = "<group>"; };
		8BCB54451ED69A420035C9CD /* Info.plist */ = {isa = PBXFileReference; fileEncoding = 4; lastKnownFileType = text.plist.xml; path = Info.plist; sourceTree = "<group>"; };
		8BCB54461ED69A420035C9CD /* ViewController.swift */ = {isa = PBXFileReference; fileEncoding = 4; lastKnownFileType = sourcecode.swift; path = ViewController.swift; sourceTree = "<group>"; };
		A52E1AD9647CDD4F924AE42B /* Pods-ZeitSatTrackDemo.debug.xcconfig */ = {isa = PBXFileReference; includeInIndex = 1; lastKnownFileType = text.xcconfig; name = "Pods-ZeitSatTrackDemo.debug.xcconfig"; path = "Pods/Target Support Files/Pods-ZeitSatTrackDemo/Pods-ZeitSatTrackDemo.debug.xcconfig"; sourceTree = "<group>"; };
		CD0D44B601C8B46BF98FBCEA /* Pods-ZeitSatTrackDemo.release.xcconfig */ = {isa = PBXFileReference; includeInIndex = 1; lastKnownFileType = text.xcconfig; name = "Pods-ZeitSatTrackDemo.release.xcconfig"; path = "Pods/Target Support Files/Pods-ZeitSatTrackDemo/Pods-ZeitSatTrackDemo.release.xcconfig"; sourceTree = "<group>"; };
		D0155D1DF40A6728D0ABF108 /* Pods-ZeitSatTrack.debug.xcconfig */ = {isa = PBXFileReference; includeInIndex = 1; lastKnownFileType = text.xcconfig; name = "Pods-ZeitSatTrack.debug.xcconfig"; path = "Pods/Target Support Files/Pods-ZeitSatTrack/Pods-ZeitSatTrack.debug.xcconfig"; sourceTree = "<group>"; };
		D2D83CBCEBFEF7BB8D27DD03 /* Pods-ZeitSatTrackUITests.release.xcconfig */ = {isa = PBXFileReference; includeInIndex = 1; lastKnownFileType = text.xcconfig; name = "Pods-ZeitSatTrackUITests.release.xcconfig"; path = "Pods/Target Support Files/Pods-ZeitSatTrackUITests/Pods-ZeitSatTrackUITests.release.xcconfig"; sourceTree = "<group>"; };
		DE504BC68D0EE1B3E7D9A71A /* Pods_ZeitSatTrackUITests.framework */ = {isa = PBXFileReference; explicitFileType = wrapper.framework; includeInIndex = 0; path = Pods_ZeitSatTrackUITests.framework; sourceTree = BUILT_PRODUCTS_DIR; };
/* End PBXFileReference section */

/* Begin PBXFrameworksBuildPhase section */
		8B9C2A001EC6D32100C7795A /* Frameworks */ = {
			isa = PBXFrameworksBuildPhase;
			buildActionMask = 2147483647;
			files = (
				8BA659AE1ED400D200EBFDD1 /* ZeitSatTrack.framework in Frameworks */,
				357CBB13270AA0939A5C9D2A /* Pods_ZeitSatTrackDemo.framework in Frameworks */,
			);
			runOnlyForDeploymentPostprocessing = 0;
		};
		8B9C2A141EC6D32100C7795A /* Frameworks */ = {
			isa = PBXFrameworksBuildPhase;
			buildActionMask = 2147483647;
			files = (
				565F0A2C010F161E78B26ED8 /* Pods_ZeitSatTrackUITests.framework in Frameworks */,
			);
			runOnlyForDeploymentPostprocessing = 0;
		};
		8BA659951ED400D100EBFDD1 /* Frameworks */ = {
			isa = PBXFrameworksBuildPhase;
			buildActionMask = 2147483647;
			files = (
				8BA659C41ED4DB4500EBFDD1 /* CoreLocation.framework in Frameworks */,
				8BA659C21ED4DB3B00EBFDD1 /* Foundation.framework in Frameworks */,
				2A67AC6C587FC063DD901586 /* Pods_ZeitSatTrack.framework in Frameworks */,
			);
			runOnlyForDeploymentPostprocessing = 0;
		};
		8BA6599E1ED400D100EBFDD1 /* Frameworks */ = {
			isa = PBXFrameworksBuildPhase;
			buildActionMask = 2147483647;
			files = (
				8BA659A21ED400D200EBFDD1 /* ZeitSatTrack.framework in Frameworks */,
				C7939D6FF480E1672A8B008A /* Pods_ZeitSatTrackTests.framework in Frameworks */,
			);
			runOnlyForDeploymentPostprocessing = 0;
		};
/* End PBXFrameworksBuildPhase section */

/* Begin PBXGroup section */
		1ECAE31EEF3B353E662B7E96 /* Pods */ = {
			isa = PBXGroup;
			children = (
				D0155D1DF40A6728D0ABF108 /* Pods-ZeitSatTrack.debug.xcconfig */,
				5919CC936ACF2CA6953B1B66 /* Pods-ZeitSatTrack.release.xcconfig */,
				A52E1AD9647CDD4F924AE42B /* Pods-ZeitSatTrackDemo.debug.xcconfig */,
				CD0D44B601C8B46BF98FBCEA /* Pods-ZeitSatTrackDemo.release.xcconfig */,
				1BB22B20A730EE3BF5FF0688 /* Pods-ZeitSatTrackTests.debug.xcconfig */,
				83B3313554282C0100F310FA /* Pods-ZeitSatTrackTests.release.xcconfig */,
				0280BB35810C4CF2D7875897 /* Pods-ZeitSatTrackUITests.debug.xcconfig */,
				D2D83CBCEBFEF7BB8D27DD03 /* Pods-ZeitSatTrackUITests.release.xcconfig */,
			);
			name = Pods;
			sourceTree = "<group>";
		};
		8B9C29FA1EC6D32100C7795A = {
			isa = PBXGroup;
			children = (
				8BCB543E1ED69A420035C9CD /* ZeitSatTrackDemo */,
				8B9C2A261EC6D37A00C7795A /* ZeitSatTrackLib */,
				8B9C2A1A1EC6D32100C7795A /* ZeitSatTrackUITests */,
				8BA6599A1ED400D100EBFDD1 /* ZeitSatTrackLib */,
				8BA659A71ED400D200EBFDD1 /* ZeitSatTrackTests */,
				8B9C2A041EC6D32100C7795A /* Products */,
				8BA659BE1ED4B6E100EBFDD1 /* satellite-tle-sources.json */,
				8BA659C01ED4DB3B00EBFDD1 /* Frameworks */,
				1ECAE31EEF3B353E662B7E96 /* Pods */,
			);
			sourceTree = "<group>";
		};
		8B9C2A041EC6D32100C7795A /* Products */ = {
			isa = PBXGroup;
			children = (
				8B9C2A031EC6D32100C7795A /* ZeitSatTrackDemo.app */,
				8B9C2A171EC6D32100C7795A /* ZeitSatTrackUITests.xctest */,
				8BA659991ED400D100EBFDD1 /* ZeitSatTrack.framework */,
				8BA659A11ED400D100EBFDD1 /* ZeitSatTrackTests.xctest */,
			);
			name = Products;
			sourceTree = "<group>";
		};
		8B9C2A1A1EC6D32100C7795A /* ZeitSatTrackUITests */ = {
			isa = PBXGroup;
			children = (
				8B9C2A1B1EC6D32100C7795A /* ZeitSatTrackUITests.swift */,
				8B9C2A1D1EC6D32100C7795A /* Info.plist */,
			);
			path = ZeitSatTrackUITests;
			sourceTree = "<group>";
		};
		8B9C2A261EC6D37A00C7795A /* ZeitSatTrackLib */ = {
			isa = PBXGroup;
			children = (
				8BA659921ED3E31A00EBFDD1 /* ZeitSatTrackManager.swift */,
				8B9C2A271EC6D3A100C7795A /* JulianMath.swift */,
				8B9C2A2D1EC96EA800C7795A /* EarthStation.swift */,
				8B9C2A291EC6E0F700C7795A /* TwoLineElementSet.swift */,
				8B9C2A2B1EC944D600C7795A /* Satellite.swift */,
			);
			path = ZeitSatTrackLib;
			sourceTree = "<group>";
		};
		8BA6599A1ED400D100EBFDD1 /* ZeitSatTrackLib */ = {
			isa = PBXGroup;
			children = (
				8BA6599B1ED400D100EBFDD1 /* ZeitSatTrackLib.h */,
				8BA6599C1ED400D100EBFDD1 /* Info.plist */,
			);
			path = ZeitSatTrackLib;
			sourceTree = "<group>";
		};
		8BA659A71ED400D200EBFDD1 /* ZeitSatTrackTests */ = {
			isa = PBXGroup;
			children = (
				8BA659A81ED400D200EBFDD1 /* ZeitSatTrackTests.swift */,
				8BA659AA1ED400D200EBFDD1 /* Info.plist */,
			);
			name = ZeitSatTrackTests;
			path = ZeitSatTrackLibTests;
			sourceTree = "<group>";
		};
		8BA659C01ED4DB3B00EBFDD1 /* Frameworks */ = {
			isa = PBXGroup;
			children = (
				8BA659C31ED4DB4500EBFDD1 /* CoreLocation.framework */,
				8BA659C11ED4DB3B00EBFDD1 /* Foundation.framework */,
				7D8637E2C841CDF79B0C52D8 /* Pods_ZeitSatTrack.framework */,
				42C494F278B0EBBCC3C0E278 /* Pods_ZeitSatTrackDemo.framework */,
				00C11213FB611FEDC7E82065 /* Pods_ZeitSatTrackTests.framework */,
				DE504BC68D0EE1B3E7D9A71A /* Pods_ZeitSatTrackUITests.framework */,
			);
			name = Frameworks;
			sourceTree = "<group>";
		};
		8BCB543E1ED69A420035C9CD /* ZeitSatTrackDemo */ = {
			isa = PBXGroup;
			children = (
				8B7AD6F51EDA045A008A4A28 /* ZeitSatTrackDemo-bridging-header.h */,
				8BCB543F1ED69A420035C9CD /* AppDelegate.swift */,
				8BCB54401ED69A420035C9CD /* Assets.xcassets */,
				8BCB54411ED69A420035C9CD /* LaunchScreen.storyboard */,
				8BCB54431ED69A420035C9CD /* Main.storyboard */,
				8BCB54451ED69A420035C9CD /* Info.plist */,
				8BCB54461ED69A420035C9CD /* ViewController.swift */,
			);
			path = ZeitSatTrackDemo;
			sourceTree = "<group>";
		};
/* End PBXGroup section */

/* Begin PBXHeadersBuildPhase section */
		8BA659961ED400D100EBFDD1 /* Headers */ = {
			isa = PBXHeadersBuildPhase;
			buildActionMask = 2147483647;
			files = (
				8BA659AB1ED400D200EBFDD1 /* ZeitSatTrackLib.h in Headers */,
			);
			runOnlyForDeploymentPostprocessing = 0;
		};
/* End PBXHeadersBuildPhase section */

/* Begin PBXNativeTarget section */
		8B9C2A021EC6D32100C7795A /* ZeitSatTrackDemo */ = {
			isa = PBXNativeTarget;
			buildConfigurationList = 8B9C2A201EC6D32100C7795A /* Build configuration list for PBXNativeTarget "ZeitSatTrackDemo" */;
			buildPhases = (
				25327C8EEAE55317E21F9A7D /* [CP] Check Pods Manifest.lock */,
				8B9C29FF1EC6D32100C7795A /* Sources */,
				8B9C2A001EC6D32100C7795A /* Frameworks */,
				8B9C2A011EC6D32100C7795A /* Resources */,
				8BA659B31ED400D200EBFDD1 /* Embed Frameworks */,
				25B7CC17E3E659C04908CF8C /* [CP] Embed Pods Frameworks */,
				B4C4D73BDC584AC0658F5972 /* [CP] Copy Pods Resources */,
			);
			buildRules = (
			);
			dependencies = (
				8BA659AD1ED400D200EBFDD1 /* PBXTargetDependency */,
			);
			name = ZeitSatTrackDemo;
			productName = ZeitSatTrack;
			productReference = 8B9C2A031EC6D32100C7795A /* ZeitSatTrackDemo.app */;
			productType = "com.apple.product-type.application";
		};
		8B9C2A161EC6D32100C7795A /* ZeitSatTrackUITests */ = {
			isa = PBXNativeTarget;
			buildConfigurationList = 8B9C2A231EC6D32100C7795A /* Build configuration list for PBXNativeTarget "ZeitSatTrackUITests" */;
			buildPhases = (
				EACA836B8962822D41D7D20C /* [CP] Check Pods Manifest.lock */,
				8B9C2A131EC6D32100C7795A /* Sources */,
				8B9C2A141EC6D32100C7795A /* Frameworks */,
				8B9C2A151EC6D32100C7795A /* Resources */,
				DCBE9696B2C416A402CD8560 /* [CP] Embed Pods Frameworks */,
				98AA9C49205DA6216DE7F204 /* [CP] Copy Pods Resources */,
			);
			buildRules = (
			);
			dependencies = (
				8B9C2A191EC6D32100C7795A /* PBXTargetDependency */,
			);
			name = ZeitSatTrackUITests;
			productName = ZeitSatTrackUITests;
			productReference = 8B9C2A171EC6D32100C7795A /* ZeitSatTrackUITests.xctest */;
			productType = "com.apple.product-type.bundle.ui-testing";
		};
		8BA659981ED400D100EBFDD1 /* ZeitSatTrack */ = {
			isa = PBXNativeTarget;
			buildConfigurationList = 8BA659B01ED400D200EBFDD1 /* Build configuration list for PBXNativeTarget "ZeitSatTrack" */;
			buildPhases = (
				351E23C04A944ADE85A0806C /* [CP] Check Pods Manifest.lock */,
				8BA659941ED400D100EBFDD1 /* Sources */,
				8BA659951ED400D100EBFDD1 /* Frameworks */,
				8BA659961ED400D100EBFDD1 /* Headers */,
				8BA659971ED400D100EBFDD1 /* Resources */,
				0DB127FA9F8B193FFDB73A1A /* [CP] Copy Pods Resources */,
			);
			buildRules = (
			);
			dependencies = (
			);
			name = ZeitSatTrack;
			productName = ZeitSatTrackLib;
			productReference = 8BA659991ED400D100EBFDD1 /* ZeitSatTrack.framework */;
			productType = "com.apple.product-type.framework";
		};
		8BA659A01ED400D100EBFDD1 /* ZeitSatTrackTests */ = {
			isa = PBXNativeTarget;
			buildConfigurationList = 8BA659B41ED400D200EBFDD1 /* Build configuration list for PBXNativeTarget "ZeitSatTrackTests" */;
			buildPhases = (
				2631C9FF08F74EF4FE3F632E /* [CP] Check Pods Manifest.lock */,
				8BA6599D1ED400D100EBFDD1 /* Sources */,
				8BA6599E1ED400D100EBFDD1 /* Frameworks */,
				8BA6599F1ED400D100EBFDD1 /* Resources */,
				36ECA46EB4CB0CE34C6B7D03 /* [CP] Embed Pods Frameworks */,
				E3624E92E223300876972B05 /* [CP] Copy Pods Resources */,
			);
			buildRules = (
			);
			dependencies = (
				8BA659A41ED400D200EBFDD1 /* PBXTargetDependency */,
				8BA659A61ED400D200EBFDD1 /* PBXTargetDependency */,
			);
			name = ZeitSatTrackTests;
			productName = ZeitSatTrackLibTests;
			productReference = 8BA659A11ED400D100EBFDD1 /* ZeitSatTrackTests.xctest */;
			productType = "com.apple.product-type.bundle.unit-test";
		};
/* End PBXNativeTarget section */

/* Begin PBXProject section */
		8B9C29FB1EC6D32100C7795A /* Project object */ = {
			isa = PBXProject;
			attributes = {
				LastSwiftUpdateCheck = 0830;
				LastUpgradeCheck = 0830;
				ORGANIZATIONNAME = Zeitgeist;
				TargetAttributes = {
					8B9C2A021EC6D32100C7795A = {
						CreatedOnToolsVersion = 8.3.2;
						DevelopmentTeam = YSHJQA6U2L;
						ProvisioningStyle = Automatic;
					};
					8B9C2A161EC6D32100C7795A = {
						CreatedOnToolsVersion = 8.3.2;
						DevelopmentTeam = YSHJQA6U2L;
						ProvisioningStyle = Automatic;
						TestTargetID = 8B9C2A021EC6D32100C7795A;
					};
					8BA659981ED400D100EBFDD1 = {
						CreatedOnToolsVersion = 8.3.2;
						DevelopmentTeam = YSHJQA6U2L;
						ProvisioningStyle = Automatic;
					};
					8BA659A01ED400D100EBFDD1 = {
						CreatedOnToolsVersion = 8.3.2;
						DevelopmentTeam = YSHJQA6U2L;
						ProvisioningStyle = Automatic;
						TestTargetID = 8B9C2A021EC6D32100C7795A;
					};
				};
			};
			buildConfigurationList = 8B9C29FE1EC6D32100C7795A /* Build configuration list for PBXProject "ZeitSatTrack" */;
			compatibilityVersion = "Xcode 3.2";
			developmentRegion = English;
			hasScannedForEncodings = 0;
			knownRegions = (
				en,
				Base,
			);
			mainGroup = 8B9C29FA1EC6D32100C7795A;
			productRefGroup = 8B9C2A041EC6D32100C7795A /* Products */;
			projectDirPath = "";
			projectRoot = "";
			targets = (
				8B9C2A021EC6D32100C7795A /* ZeitSatTrackDemo */,
				8B9C2A161EC6D32100C7795A /* ZeitSatTrackUITests */,
				8BA659981ED400D100EBFDD1 /* ZeitSatTrack */,
				8BA659A01ED400D100EBFDD1 /* ZeitSatTrackTests */,
			);
		};
/* End PBXProject section */

/* Begin PBXResourcesBuildPhase section */
		8B9C2A011EC6D32100C7795A /* Resources */ = {
			isa = PBXResourcesBuildPhase;
			buildActionMask = 2147483647;
			files = (
				8BCB544B1ED69A420035C9CD /* Info.plist in Resources */,
				8BCB544A1ED69A420035C9CD /* Main.storyboard in Resources */,
				8BCB54481ED69A420035C9CD /* Assets.xcassets in Resources */,
				8BCB54491ED69A420035C9CD /* LaunchScreen.storyboard in Resources */,
			);
			runOnlyForDeploymentPostprocessing = 0;
		};
		8B9C2A151EC6D32100C7795A /* Resources */ = {
			isa = PBXResourcesBuildPhase;
			buildActionMask = 2147483647;
			files = (
			);
			runOnlyForDeploymentPostprocessing = 0;
		};
		8BA659971ED400D100EBFDD1 /* Resources */ = {
			isa = PBXResourcesBuildPhase;
			buildActionMask = 2147483647;
			files = (
				8BA659BF1ED4B6E100EBFDD1 /* satellite-tle-sources.json in Resources */,
			);
			runOnlyForDeploymentPostprocessing = 0;
		};
		8BA6599F1ED400D100EBFDD1 /* Resources */ = {
			isa = PBXResourcesBuildPhase;
			buildActionMask = 2147483647;
			files = (
			);
			runOnlyForDeploymentPostprocessing = 0;
		};
/* End PBXResourcesBuildPhase section */

/* Begin PBXShellScriptBuildPhase section */
		0DB127FA9F8B193FFDB73A1A /* [CP] Copy Pods Resources */ = {
			isa = PBXShellScriptBuildPhase;
			buildActionMask = 2147483647;
			files = (
			);
			inputPaths = (
			);
			name = "[CP] Copy Pods Resources";
			outputPaths = (
			);
			runOnlyForDeploymentPostprocessing = 0;
			shellPath = /bin/sh;
			shellScript = "\"${SRCROOT}/Pods/Target Support Files/Pods-ZeitSatTrack/Pods-ZeitSatTrack-resources.sh\"\n";
			showEnvVarsInLog = 0;
		};
		25327C8EEAE55317E21F9A7D /* [CP] Check Pods Manifest.lock */ = {
			isa = PBXShellScriptBuildPhase;
			buildActionMask = 2147483647;
			files = (
			);
			inputPaths = (
			);
			name = "[CP] Check Pods Manifest.lock";
			outputPaths = (
			);
			runOnlyForDeploymentPostprocessing = 0;
			shellPath = /bin/sh;
			shellScript = "diff \"${PODS_PODFILE_DIR_PATH}/Podfile.lock\" \"${PODS_ROOT}/Manifest.lock\" > /dev/null\nif [ $? != 0 ] ; then\n    # print error to STDERR\n    echo \"error: The sandbox is not in sync with the Podfile.lock. Run 'pod install' or update your CocoaPods installation.\" >&2\n    exit 1\nfi\n";
			showEnvVarsInLog = 0;
		};
		25B7CC17E3E659C04908CF8C /* [CP] Embed Pods Frameworks */ = {
			isa = PBXShellScriptBuildPhase;
			buildActionMask = 2147483647;
			files = (
			);
			inputPaths = (
			);
			name = "[CP] Embed Pods Frameworks";
			outputPaths = (
			);
			runOnlyForDeploymentPostprocessing = 0;
			shellPath = /bin/sh;
			shellScript = "\"${SRCROOT}/Pods/Target Support Files/Pods-ZeitSatTrackDemo/Pods-ZeitSatTrackDemo-frameworks.sh\"\n";
			showEnvVarsInLog = 0;
		};
		2631C9FF08F74EF4FE3F632E /* [CP] Check Pods Manifest.lock */ = {
			isa = PBXShellScriptBuildPhase;
			buildActionMask = 2147483647;
			files = (
			);
			inputPaths = (
			);
			name = "[CP] Check Pods Manifest.lock";
			outputPaths = (
			);
			runOnlyForDeploymentPostprocessing = 0;
			shellPath = /bin/sh;
			shellScript = "diff \"${PODS_PODFILE_DIR_PATH}/Podfile.lock\" \"${PODS_ROOT}/Manifest.lock\" > /dev/null\nif [ $? != 0 ] ; then\n    # print error to STDERR\n    echo \"error: The sandbox is not in sync with the Podfile.lock. Run 'pod install' or update your CocoaPods installation.\" >&2\n    exit 1\nfi\n";
			showEnvVarsInLog = 0;
		};
		351E23C04A944ADE85A0806C /* [CP] Check Pods Manifest.lock */ = {
			isa = PBXShellScriptBuildPhase;
			buildActionMask = 2147483647;
			files = (
			);
			inputPaths = (
			);
			name = "[CP] Check Pods Manifest.lock";
			outputPaths = (
			);
			runOnlyForDeploymentPostprocessing = 0;
			shellPath = /bin/sh;
			shellScript = "diff \"${PODS_PODFILE_DIR_PATH}/Podfile.lock\" \"${PODS_ROOT}/Manifest.lock\" > /dev/null\nif [ $? != 0 ] ; then\n    # print error to STDERR\n    echo \"error: The sandbox is not in sync with the Podfile.lock. Run 'pod install' or update your CocoaPods installation.\" >&2\n    exit 1\nfi\n";
			showEnvVarsInLog = 0;
		};
		36ECA46EB4CB0CE34C6B7D03 /* [CP] Embed Pods Frameworks */ = {
			isa = PBXShellScriptBuildPhase;
			buildActionMask = 2147483647;
			files = (
			);
			inputPaths = (
			);
			name = "[CP] Embed Pods Frameworks";
			outputPaths = (
			);
			runOnlyForDeploymentPostprocessing = 0;
			shellPath = /bin/sh;
			shellScript = "\"${SRCROOT}/Pods/Target Support Files/Pods-ZeitSatTrackTests/Pods-ZeitSatTrackTests-frameworks.sh\"\n";
			showEnvVarsInLog = 0;
		};
		98AA9C49205DA6216DE7F204 /* [CP] Copy Pods Resources */ = {
			isa = PBXShellScriptBuildPhase;
			buildActionMask = 2147483647;
			files = (
			);
			inputPaths = (
			);
			name = "[CP] Copy Pods Resources";
			outputPaths = (
			);
			runOnlyForDeploymentPostprocessing = 0;
			shellPath = /bin/sh;
			shellScript = "\"${SRCROOT}/Pods/Target Support Files/Pods-ZeitSatTrackUITests/Pods-ZeitSatTrackUITests-resources.sh\"\n";
			showEnvVarsInLog = 0;
		};
		B4C4D73BDC584AC0658F5972 /* [CP] Copy Pods Resources */ = {
			isa = PBXShellScriptBuildPhase;
			buildActionMask = 2147483647;
			files = (
			);
			inputPaths = (
			);
			name = "[CP] Copy Pods Resources";
			outputPaths = (
			);
			runOnlyForDeploymentPostprocessing = 0;
			shellPath = /bin/sh;
			shellScript = "\"${SRCROOT}/Pods/Target Support Files/Pods-ZeitSatTrackDemo/Pods-ZeitSatTrackDemo-resources.sh\"\n";
			showEnvVarsInLog = 0;
		};
		DCBE9696B2C416A402CD8560 /* [CP] Embed Pods Frameworks */ = {
			isa = PBXShellScriptBuildPhase;
			buildActionMask = 2147483647;
			files = (
			);
			inputPaths = (
			);
			name = "[CP] Embed Pods Frameworks";
			outputPaths = (
			);
			runOnlyForDeploymentPostprocessing = 0;
			shellPath = /bin/sh;
			shellScript = "\"${SRCROOT}/Pods/Target Support Files/Pods-ZeitSatTrackUITests/Pods-ZeitSatTrackUITests-frameworks.sh\"\n";
			showEnvVarsInLog = 0;
		};
		E3624E92E223300876972B05 /* [CP] Copy Pods Resources */ = {
			isa = PBXShellScriptBuildPhase;
			buildActionMask = 2147483647;
			files = (
			);
			inputPaths = (
			);
			name = "[CP] Copy Pods Resources";
			outputPaths = (
			);
			runOnlyForDeploymentPostprocessing = 0;
			shellPath = /bin/sh;
			shellScript = "\"${SRCROOT}/Pods/Target Support Files/Pods-ZeitSatTrackTests/Pods-ZeitSatTrackTests-resources.sh\"\n";
			showEnvVarsInLog = 0;
		};
		EACA836B8962822D41D7D20C /* [CP] Check Pods Manifest.lock */ = {
			isa = PBXShellScriptBuildPhase;
			buildActionMask = 2147483647;
			files = (
			);
			inputPaths = (
			);
			name = "[CP] Check Pods Manifest.lock";
			outputPaths = (
			);
			runOnlyForDeploymentPostprocessing = 0;
			shellPath = /bin/sh;
			shellScript = "diff \"${PODS_PODFILE_DIR_PATH}/Podfile.lock\" \"${PODS_ROOT}/Manifest.lock\" > /dev/null\nif [ $? != 0 ] ; then\n    # print error to STDERR\n    echo \"error: The sandbox is not in sync with the Podfile.lock. Run 'pod install' or update your CocoaPods installation.\" >&2\n    exit 1\nfi\n";
			showEnvVarsInLog = 0;
		};
/* End PBXShellScriptBuildPhase section */

/* Begin PBXSourcesBuildPhase section */
		8B9C29FF1EC6D32100C7795A /* Sources */ = {
			isa = PBXSourcesBuildPhase;
			buildActionMask = 2147483647;
			files = (
				8BCB544C1ED69A420035C9CD /* ViewController.swift in Sources */,
				8BCB54471ED69A420035C9CD /* AppDelegate.swift in Sources */,
			);
			runOnlyForDeploymentPostprocessing = 0;
		};
		8B9C2A131EC6D32100C7795A /* Sources */ = {
			isa = PBXSourcesBuildPhase;
			buildActionMask = 2147483647;
			files = (
				8B9C2A1C1EC6D32100C7795A /* ZeitSatTrackUITests.swift in Sources */,
			);
			runOnlyForDeploymentPostprocessing = 0;
		};
		8BA659941ED400D100EBFDD1 /* Sources */ = {
			isa = PBXSourcesBuildPhase;
			buildActionMask = 2147483647;
			files = (
				8BA659BB1ED400E800EBFDD1 /* ZeitSatTrackManager.swift in Sources */,
				8BA659B71ED400E800EBFDD1 /* JulianMath.swift in Sources */,
				8BA659BA1ED400E800EBFDD1 /* Satellite.swift in Sources */,
				8BA659B91ED400E800EBFDD1 /* TwoLineElementSet.swift in Sources */,
				8BA659B81ED400E800EBFDD1 /* EarthStation.swift in Sources */,
			);
			runOnlyForDeploymentPostprocessing = 0;
		};
		8BA6599D1ED400D100EBFDD1 /* Sources */ = {
			isa = PBXSourcesBuildPhase;
			buildActionMask = 2147483647;
			files = (
				8BA659A91ED400D200EBFDD1 /* ZeitSatTrackTests.swift in Sources */,
			);
			runOnlyForDeploymentPostprocessing = 0;
		};
/* End PBXSourcesBuildPhase section */

/* Begin PBXTargetDependency section */
		8B9C2A191EC6D32100C7795A /* PBXTargetDependency */ = {
			isa = PBXTargetDependency;
			target = 8B9C2A021EC6D32100C7795A /* ZeitSatTrackDemo */;
			targetProxy = 8B9C2A181EC6D32100C7795A /* PBXContainerItemProxy */;
		};
		8BA659A41ED400D200EBFDD1 /* PBXTargetDependency */ = {
			isa = PBXTargetDependency;
			target = 8BA659981ED400D100EBFDD1 /* ZeitSatTrack */;
			targetProxy = 8BA659A31ED400D200EBFDD1 /* PBXContainerItemProxy */;
		};
		8BA659A61ED400D200EBFDD1 /* PBXTargetDependency */ = {
			isa = PBXTargetDependency;
			target = 8B9C2A021EC6D32100C7795A /* ZeitSatTrackDemo */;
			targetProxy = 8BA659A51ED400D200EBFDD1 /* PBXContainerItemProxy */;
		};
		8BA659AD1ED400D200EBFDD1 /* PBXTargetDependency */ = {
			isa = PBXTargetDependency;
			target = 8BA659981ED400D100EBFDD1 /* ZeitSatTrack */;
			targetProxy = 8BA659AC1ED400D200EBFDD1 /* PBXContainerItemProxy */;
		};
/* End PBXTargetDependency section */

/* Begin PBXVariantGroup section */
		8BCB54411ED69A420035C9CD /* LaunchScreen.storyboard */ = {
			isa = PBXVariantGroup;
			children = (
				8BCB54421ED69A420035C9CD /* Base */,
			);
			name = LaunchScreen.storyboard;
			sourceTree = "<group>";
		};
		8BCB54431ED69A420035C9CD /* Main.storyboard */ = {
			isa = PBXVariantGroup;
			children = (
				8BCB54441ED69A420035C9CD /* Base */,
			);
			name = Main.storyboard;
			sourceTree = "<group>";
		};
/* End PBXVariantGroup section */

/* Begin XCBuildConfiguration section */
		8B9C2A1E1EC6D32100C7795A /* Debug */ = {
			isa = XCBuildConfiguration;
			buildSettings = {
				ALWAYS_SEARCH_USER_PATHS = NO;
				CLANG_ANALYZER_NONNULL = YES;
				CLANG_ANALYZER_NUMBER_OBJECT_CONVERSION = YES_AGGRESSIVE;
				CLANG_CXX_LANGUAGE_STANDARD = "gnu++0x";
				CLANG_CXX_LIBRARY = "libc++";
				CLANG_ENABLE_MODULES = YES;
				CLANG_ENABLE_OBJC_ARC = YES;
				CLANG_WARN_BOOL_CONVERSION = YES;
				CLANG_WARN_CONSTANT_CONVERSION = YES;
				CLANG_WARN_DIRECT_OBJC_ISA_USAGE = YES_ERROR;
				CLANG_WARN_DOCUMENTATION_COMMENTS = YES;
				CLANG_WARN_EMPTY_BODY = YES;
				CLANG_WARN_ENUM_CONVERSION = YES;
				CLANG_WARN_INFINITE_RECURSION = YES;
				CLANG_WARN_INT_CONVERSION = YES;
				CLANG_WARN_OBJC_ROOT_CLASS = YES_ERROR;
				CLANG_WARN_SUSPICIOUS_MOVE = YES;
				CLANG_WARN_UNREACHABLE_CODE = YES;
				CLANG_WARN__DUPLICATE_METHOD_MATCH = YES;
				"CODE_SIGN_IDENTITY[sdk=iphoneos*]" = "iPhone Developer";
				COPY_PHASE_STRIP = NO;
				DEBUG_INFORMATION_FORMAT = dwarf;
				ENABLE_STRICT_OBJC_MSGSEND = YES;
				ENABLE_TESTABILITY = YES;
				GCC_C_LANGUAGE_STANDARD = gnu99;
				GCC_DYNAMIC_NO_PIC = NO;
				GCC_NO_COMMON_BLOCKS = YES;
				GCC_OPTIMIZATION_LEVEL = 0;
				GCC_PREPROCESSOR_DEFINITIONS = (
					"DEBUG=1",
					"$(inherited)",
				);
				GCC_WARN_64_TO_32_BIT_CONVERSION = YES;
				GCC_WARN_ABOUT_RETURN_TYPE = YES_ERROR;
				GCC_WARN_UNDECLARED_SELECTOR = YES;
				GCC_WARN_UNINITIALIZED_AUTOS = YES_AGGRESSIVE;
				GCC_WARN_UNUSED_FUNCTION = YES;
				GCC_WARN_UNUSED_VARIABLE = YES;
				IPHONEOS_DEPLOYMENT_TARGET = 10.3;
				MTL_ENABLE_DEBUG_INFO = YES;
				ONLY_ACTIVE_ARCH = YES;
				SDKROOT = iphoneos;
				SWIFT_ACTIVE_COMPILATION_CONDITIONS = DEBUG;
				SWIFT_OPTIMIZATION_LEVEL = "-Onone";
				TARGETED_DEVICE_FAMILY = "1,2";
			};
			name = Debug;
		};
		8B9C2A1F1EC6D32100C7795A /* Release */ = {
			isa = XCBuildConfiguration;
			buildSettings = {
				ALWAYS_SEARCH_USER_PATHS = NO;
				CLANG_ANALYZER_NONNULL = YES;
				CLANG_ANALYZER_NUMBER_OBJECT_CONVERSION = YES_AGGRESSIVE;
				CLANG_CXX_LANGUAGE_STANDARD = "gnu++0x";
				CLANG_CXX_LIBRARY = "libc++";
				CLANG_ENABLE_MODULES = YES;
				CLANG_ENABLE_OBJC_ARC = YES;
				CLANG_WARN_BOOL_CONVERSION = YES;
				CLANG_WARN_CONSTANT_CONVERSION = YES;
				CLANG_WARN_DIRECT_OBJC_ISA_USAGE = YES_ERROR;
				CLANG_WARN_DOCUMENTATION_COMMENTS = YES;
				CLANG_WARN_EMPTY_BODY = YES;
				CLANG_WARN_ENUM_CONVERSION = YES;
				CLANG_WARN_INFINITE_RECURSION = YES;
				CLANG_WARN_INT_CONVERSION = YES;
				CLANG_WARN_OBJC_ROOT_CLASS = YES_ERROR;
				CLANG_WARN_SUSPICIOUS_MOVE = YES;
				CLANG_WARN_UNREACHABLE_CODE = YES;
				CLANG_WARN__DUPLICATE_METHOD_MATCH = YES;
				"CODE_SIGN_IDENTITY[sdk=iphoneos*]" = "iPhone Developer";
				COPY_PHASE_STRIP = NO;
				DEBUG_INFORMATION_FORMAT = "dwarf-with-dsym";
				ENABLE_NS_ASSERTIONS = NO;
				ENABLE_STRICT_OBJC_MSGSEND = YES;
				GCC_C_LANGUAGE_STANDARD = gnu99;
				GCC_NO_COMMON_BLOCKS = YES;
				GCC_WARN_64_TO_32_BIT_CONVERSION = YES;
				GCC_WARN_ABOUT_RETURN_TYPE = YES_ERROR;
				GCC_WARN_UNDECLARED_SELECTOR = YES;
				GCC_WARN_UNINITIALIZED_AUTOS = YES_AGGRESSIVE;
				GCC_WARN_UNUSED_FUNCTION = YES;
				GCC_WARN_UNUSED_VARIABLE = YES;
				IPHONEOS_DEPLOYMENT_TARGET = 10.3;
				MTL_ENABLE_DEBUG_INFO = NO;
				SDKROOT = iphoneos;
				SWIFT_OPTIMIZATION_LEVEL = "-Owholemodule";
				TARGETED_DEVICE_FAMILY = "1,2";
				VALIDATE_PRODUCT = YES;
			};
			name = Release;
		};
		8B9C2A211EC6D32100C7795A /* Debug */ = {
			isa = XCBuildConfiguration;
			baseConfigurationReference = A52E1AD9647CDD4F924AE42B /* Pods-ZeitSatTrackDemo.debug.xcconfig */;
			buildSettings = {
				ALWAYS_EMBED_SWIFT_STANDARD_LIBRARIES = YES;
				ASSETCATALOG_COMPILER_APPICON_NAME = AppIcon;
				DEVELOPMENT_TEAM = YSHJQA6U2L;
				HEADER_SEARCH_PATHS = (
					"\"${PODS_ROOT}/eigen\"",
					"\"${PODS_ROOT}/clipper\"",
					"\"$(SDKROOT)/usr/include/libxml2\"",
					"\"${PODS_ROOT}/clipper/\"",
					"$(PODS_ROOT)/eigen",
					"$(inherited)",
					"\"${PODS_ROOT}/Headers/Public\"",
					"\"${PODS_ROOT}/Headers/Public/WhirlyGlobeResources\"",
					"\"${PODS_ROOT}/Headers/Public/eigen\"",
					"\"$${PODS_ROOT}/WhirlyGlobe\"",
					"\"${PODS_ROOT}/WhirlyGlobe/MaplyComponent-Headers/\"/**",
				);
				INFOPLIST_FILE = "$(SRCROOT)/ZeitSatTrackDemo/Info.plist";
				LD_RUNPATH_SEARCH_PATHS = "$(inherited) @executable_path/Frameworks";
				PRODUCT_BUNDLE_IDENTIFIER = com.zeitgeist.ZeitSatTrackDemo;
				PRODUCT_NAME = "$(TARGET_NAME)";
				SWIFT_INSTALL_OBJC_HEADER = NO;
				SWIFT_OBJC_BRIDGING_HEADER = "ZeitSatTrackDemo/ZeitSatTrackDemo-bridging-header.h";
				SWIFT_VERSION = 3.0;
			};
			name = Debug;
		};
		8B9C2A221EC6D32100C7795A /* Release */ = {
			isa = XCBuildConfiguration;
			baseConfigurationReference = CD0D44B601C8B46BF98FBCEA /* Pods-ZeitSatTrackDemo.release.xcconfig */;
			buildSettings = {
				ALWAYS_EMBED_SWIFT_STANDARD_LIBRARIES = YES;
				ASSETCATALOG_COMPILER_APPICON_NAME = AppIcon;
				DEVELOPMENT_TEAM = YSHJQA6U2L;
				HEADER_SEARCH_PATHS = (
					"\"${PODS_ROOT}/eigen\"",
					"\"${PODS_ROOT}/clipper\"",
					"\"$(SDKROOT)/usr/include/libxml2\"",
					"\"${PODS_ROOT}/clipper/\"",
					"$(PODS_ROOT)/eigen",
					"$(inherited)",
					"\"${PODS_ROOT}/Headers/Public\"",
					"\"${PODS_ROOT}/Headers/Public/WhirlyGlobeResources\"",
					"\"${PODS_ROOT}/Headers/Public/eigen\"",
					"\"$${PODS_ROOT}/WhirlyGlobe\"",
					"\"${PODS_ROOT}/WhirlyGlobe/MaplyComponent-Headers/\"/**",
				);
				INFOPLIST_FILE = "$(SRCROOT)/ZeitSatTrackDemo/Info.plist";
				LD_RUNPATH_SEARCH_PATHS = "$(inherited) @executable_path/Frameworks";
				PRODUCT_BUNDLE_IDENTIFIER = com.zeitgeist.ZeitSatTrackDemo;
				PRODUCT_NAME = "$(TARGET_NAME)";
				SWIFT_INSTALL_OBJC_HEADER = NO;
				SWIFT_OBJC_BRIDGING_HEADER = "ZeitSatTrackDemo/ZeitSatTrackDemo-bridging-header.h";
				SWIFT_VERSION = 3.0;
			};
			name = Release;
		};
		8B9C2A241EC6D32100C7795A /* Debug */ = {
			isa = XCBuildConfiguration;
			baseConfigurationReference = 0280BB35810C4CF2D7875897 /* Pods-ZeitSatTrackUITests.debug.xcconfig */;
			buildSettings = {
				ALWAYS_EMBED_SWIFT_STANDARD_LIBRARIES = YES;
				DEVELOPMENT_TEAM = YSHJQA6U2L;
				INFOPLIST_FILE = ZeitSatTrackUITests/Info.plist;
				LD_RUNPATH_SEARCH_PATHS = "$(inherited) @executable_path/Frameworks @loader_path/Frameworks";
				PRODUCT_BUNDLE_IDENTIFIER = com.zeitgeist.ZeitSatTrackUITests;
				PRODUCT_NAME = "$(TARGET_NAME)";
				SWIFT_VERSION = 3.0;
				TEST_TARGET_NAME = ZeitSatTrack;
			};
			name = Debug;
		};
		8B9C2A251EC6D32100C7795A /* Release */ = {
			isa = XCBuildConfiguration;
			baseConfigurationReference = D2D83CBCEBFEF7BB8D27DD03 /* Pods-ZeitSatTrackUITests.release.xcconfig */;
			buildSettings = {
				ALWAYS_EMBED_SWIFT_STANDARD_LIBRARIES = YES;
				DEVELOPMENT_TEAM = YSHJQA6U2L;
				INFOPLIST_FILE = ZeitSatTrackUITests/Info.plist;
				LD_RUNPATH_SEARCH_PATHS = "$(inherited) @executable_path/Frameworks @loader_path/Frameworks";
				PRODUCT_BUNDLE_IDENTIFIER = com.zeitgeist.ZeitSatTrackUITests;
				PRODUCT_NAME = "$(TARGET_NAME)";
				SWIFT_VERSION = 3.0;
				TEST_TARGET_NAME = ZeitSatTrack;
			};
			name = Release;
		};
		8BA659B11ED400D200EBFDD1 /* Debug */ = {
			isa = XCBuildConfiguration;
			baseConfigurationReference = D0155D1DF40A6728D0ABF108 /* Pods-ZeitSatTrack.debug.xcconfig */;
			buildSettings = {
				CODE_SIGN_IDENTITY = "";
				CURRENT_PROJECT_VERSION = 1;
				DEFINES_MODULE = YES;
				DEVELOPMENT_TEAM = YSHJQA6U2L;
				DYLIB_COMPATIBILITY_VERSION = 1;
				DYLIB_CURRENT_VERSION = 1;
				DYLIB_INSTALL_NAME_BASE = "@rpath";
				INFOPLIST_FILE = ZeitSatTrackLib/Info.plist;
				INSTALL_PATH = "$(LOCAL_LIBRARY_DIR)/Frameworks";
				LD_RUNPATH_SEARCH_PATHS = "$(inherited) @executable_path/Frameworks @loader_path/Frameworks";
				PRODUCT_BUNDLE_IDENTIFIER = com.zeitgeist.ZeitSatTrack;
				PRODUCT_NAME = "$(TARGET_NAME)";
				SKIP_INSTALL = YES;
				SWIFT_VERSION = 3.0;
				VERSIONING_SYSTEM = "apple-generic";
				VERSION_INFO_PREFIX = "";
			};
			name = Debug;
		};
		8BA659B21ED400D200EBFDD1 /* Release */ = {
			isa = XCBuildConfiguration;
			baseConfigurationReference = 5919CC936ACF2CA6953B1B66 /* Pods-ZeitSatTrack.release.xcconfig */;
			buildSettings = {
				CODE_SIGN_IDENTITY = "";
				CURRENT_PROJECT_VERSION = 1;
				DEFINES_MODULE = YES;
				DEVELOPMENT_TEAM = YSHJQA6U2L;
				DYLIB_COMPATIBILITY_VERSION = 1;
				DYLIB_CURRENT_VERSION = 1;
				DYLIB_INSTALL_NAME_BASE = "@rpath";
				INFOPLIST_FILE = ZeitSatTrackLib/Info.plist;
				INSTALL_PATH = "$(LOCAL_LIBRARY_DIR)/Frameworks";
				LD_RUNPATH_SEARCH_PATHS = "$(inherited) @executable_path/Frameworks @loader_path/Frameworks";
				PRODUCT_BUNDLE_IDENTIFIER = com.zeitgeist.ZeitSatTrack;
				PRODUCT_NAME = "$(TARGET_NAME)";
				SKIP_INSTALL = YES;
				SWIFT_VERSION = 3.0;
				VERSIONING_SYSTEM = "apple-generic";
				VERSION_INFO_PREFIX = "";
			};
			name = Release;
		};
		8BA659B51ED400D200EBFDD1 /* Debug */ = {
			isa = XCBuildConfiguration;
			baseConfigurationReference = 1BB22B20A730EE3BF5FF0688 /* Pods-ZeitSatTrackTests.debug.xcconfig */;
			buildSettings = {
				ALWAYS_EMBED_SWIFT_STANDARD_LIBRARIES = YES;
				DEVELOPMENT_TEAM = YSHJQA6U2L;
				INFOPLIST_FILE = ZeitSatTrackLibTests/Info.plist;
				LD_RUNPATH_SEARCH_PATHS = "$(inherited) @executable_path/Frameworks @loader_path/Frameworks";
				PRODUCT_BUNDLE_IDENTIFIER = com.zeitgeist.ZeitSatTrackLibTests;
				PRODUCT_NAME = "$(TARGET_NAME)";
				SWIFT_VERSION = 3.0;
				TEST_HOST = "$(BUILT_PRODUCTS_DIR)/ZeitSatTrack.app/ZeitSatTrack";
			};
			name = Debug;
		};
		8BA659B61ED400D200EBFDD1 /* Release */ = {
			isa = XCBuildConfiguration;
			baseConfigurationReference = 83B3313554282C0100F310FA /* Pods-ZeitSatTrackTests.release.xcconfig */;
			buildSettings = {
				ALWAYS_EMBED_SWIFT_STANDARD_LIBRARIES = YES;
				DEVELOPMENT_TEAM = YSHJQA6U2L;
				INFOPLIST_FILE = ZeitSatTrackLibTests/Info.plist;
				LD_RUNPATH_SEARCH_PATHS = "$(inherited) @executable_path/Frameworks @loader_path/Frameworks";
				PRODUCT_BUNDLE_IDENTIFIER = com.zeitgeist.ZeitSatTrackLibTests;
				PRODUCT_NAME = "$(TARGET_NAME)";
				SWIFT_VERSION = 3.0;
				TEST_HOST = "$(BUILT_PRODUCTS_DIR)/ZeitSatTrack.app/ZeitSatTrack";
			};
			name = Release;
		};
/* End XCBuildConfiguration section */

/* Begin XCConfigurationList section */
		8B9C29FE1EC6D32100C7795A /* Build configuration list for PBXProject "ZeitSatTrack" */ = {
			isa = XCConfigurationList;
			buildConfigurations = (
				8B9C2A1E1EC6D32100C7795A /* Debug */,
				8B9C2A1F1EC6D32100C7795A /* Release */,
			);
			defaultConfigurationIsVisible = 0;
			defaultConfigurationName = Release;
		};
		8B9C2A201EC6D32100C7795A /* Build configuration list for PBXNativeTarget "ZeitSatTrackDemo" */ = {
			isa = XCConfigurationList;
			buildConfigurations = (
				8B9C2A211EC6D32100C7795A /* Debug */,
				8B9C2A221EC6D32100C7795A /* Release */,
			);
			defaultConfigurationIsVisible = 0;
			defaultConfigurationName = Release;
		};
		8B9C2A231EC6D32100C7795A /* Build configuration list for PBXNativeTarget "ZeitSatTrackUITests" */ = {
			isa = XCConfigurationList;
			buildConfigurations = (
				8B9C2A241EC6D32100C7795A /* Debug */,
				8B9C2A251EC6D32100C7795A /* Release */,
			);
			defaultConfigurationIsVisible = 0;
			defaultConfigurationName = Release;
		};
		8BA659B01ED400D200EBFDD1 /* Build configuration list for PBXNativeTarget "ZeitSatTrack" */ = {
			isa = XCConfigurationList;
			buildConfigurations = (
				8BA659B11ED400D200EBFDD1 /* Debug */,
				8BA659B21ED400D200EBFDD1 /* Release */,
			);
			defaultConfigurationIsVisible = 0;
			defaultConfigurationName = Release;
		};
		8BA659B41ED400D200EBFDD1 /* Build configuration list for PBXNativeTarget "ZeitSatTrackTests" */ = {
			isa = XCConfigurationList;
			buildConfigurations = (
				8BA659B51ED400D200EBFDD1 /* Debug */,
				8BA659B61ED400D200EBFDD1 /* Release */,
			);
			defaultConfigurationIsVisible = 0;
			defaultConfigurationName = Release;
		};
/* End XCConfigurationList section */
	};
	rootObject = 8B9C29FB1EC6D32100C7795A /* Project object */;
}
